
Microsoft Visual Studio Solution File, Format Version 12.00
# Visual Studio 15
Project("{FAE04EC0-301F-11D3-BF4B-00C04F79EFBC}") = "IndiciesOfMultipleDeprivation", "IndiciesOfMultipleDeprivation\IndiciesOfMultipleDeprivation.csproj", "{BAF2DA4C-3DFD-4257-84DF-E31C7E08C95E}"
EndProject
Project("{FAE04EC0-301F-11D3-BF4B-00C04F79EFBC}") = "IndiciesOfMultipleDeprivation.Tests", "IndiciesOfMultipleDeprivation.Tests\IndiciesOfMultipleDeprivation.Tests.csproj", "{86F99272-048A-4060-A2B3-805CD205ABFB}"
EndProject
Project("{FAE04EC0-301F-11D3-BF4B-00C04F79EFBC}") = "IndiciesOfMultipleDeprivation.Api", "IndiciesOfMultipleDeprivation.Api\IndiciesOfMultipleDeprivation.Api.csproj", "{93E09056-A6A9-45CD-8976-097C2D0167D3}"
EndProject
Global
	GlobalSection(SolutionConfigurationPlatforms) = preSolution
		Debug|Any CPU = Debug|Any CPU
		Release|Any CPU = Release|Any CPU
	EndGlobalSection
	GlobalSection(ProjectConfigurationPlatforms) = postSolution
		{BAF2DA4C-3DFD-4257-84DF-E31C7E08C95E}.Debug|Any CPU.ActiveCfg = Debug|Any CPU
		{BAF2DA4C-3DFD-4257-84DF-E31C7E08C95E}.Debug|Any CPU.Build.0 = Debug|Any CPU
		{BAF2DA4C-3DFD-4257-84DF-E31C7E08C95E}.Release|Any CPU.ActiveCfg = Release|Any CPU
		{BAF2DA4C-3DFD-4257-84DF-E31C7E08C95E}.Release|Any CPU.Build.0 = Release|Any CPU
		{86F99272-048A-4060-A2B3-805CD205ABFB}.Debug|Any CPU.ActiveCfg = Debug|Any CPU
		{86F99272-048A-4060-A2B3-805CD205ABFB}.Debug|Any CPU.Build.0 = Debug|Any CPU
		{86F99272-048A-4060-A2B3-805CD205ABFB}.Release|Any CPU.ActiveCfg = Release|Any CPU
		{86F99272-048A-4060-A2B3-805CD205ABFB}.Release|Any CPU.Build.0 = Release|Any CPU
		{93E09056-A6A9-45CD-8976-097C2D0167D3}.Debug|Any CPU.ActiveCfg = Debug|Any CPU
		{93E09056-A6A9-45CD-8976-097C2D0167D3}.Debug|Any CPU.Build.0 = Debug|Any CPU
		{93E09056-A6A9-45CD-8976-097C2D0167D3}.Release|Any CPU.ActiveCfg = Release|Any CPU
		{93E09056-A6A9-45CD-8976-097C2D0167D3}.Release|Any CPU.Build.0 = Release|Any CPU
	EndGlobalSection
EndGlobal
